// !$*UTF8*$!
{
	archiveVersion = 1;
	classes = {
	};
	objectVersion = 56;
	objects = {

/* Begin PBXBuildFile section */
		56D0279E29EA525D0048B294 /* EthTokyoAppApp.swift in Sources */ = {isa = PBXBuildFile; fileRef = 56D0279D29EA525D0048B294 /* EthTokyoAppApp.swift */; };
		56D027A029EA525D0048B294 /* ContentView.swift in Sources */ = {isa = PBXBuildFile; fileRef = 56D0279F29EA525D0048B294 /* ContentView.swift */; };
		56D027A229EA525E0048B294 /* Assets.xcassets in Resources */ = {isa = PBXBuildFile; fileRef = 56D027A129EA525E0048B294 /* Assets.xcassets */; };
		56D027A529EA525E0048B294 /* Preview Assets.xcassets in Resources */ = {isa = PBXBuildFile; fileRef = 56D027A429EA525E0048B294 /* Preview Assets.xcassets */; };
		56D027AD29EA54830048B294 /* metamask-ios-sdk in Frameworks */ = {isa = PBXBuildFile; productRef = 56D027AC29EA54830048B294 /* metamask-ios-sdk */; };
		56D027B229EA67FC0048B294 /* GraphQLClient.swift in Sources */ = {isa = PBXBuildFile; fileRef = 56D027B129EA67FC0048B294 /* GraphQLClient.swift */; };
		56D027B429EA6BAD0048B294 /* LoginView.swift in Sources */ = {isa = PBXBuildFile; fileRef = 56D027B329EA6BAD0048B294 /* LoginView.swift */; };
		56D027B629EA6BB80048B294 /* MainView.swift in Sources */ = {isa = PBXBuildFile; fileRef = 56D027B529EA6BB80048B294 /* MainView.swift */; };
		56D027B929EA75DB0048B294 /* Apollo in Frameworks */ = {isa = PBXBuildFile; productRef = 56D027B829EA75DB0048B294 /* Apollo */; };
		56D027F129EA81D40048B294 /* MainViewModel.swift in Sources */ = {isa = PBXBuildFile; fileRef = 56D027F029EA81D40048B294 /* MainViewModel.swift */; };
		56D027FA29EAAD0B0048B294 /* SDWebImageSwiftUI in Frameworks */ = {isa = PBXBuildFile; productRef = 56D027F929EAAD0B0048B294 /* SDWebImageSwiftUI */; };
		56D027FD29EAADF50048B294 /* WaterfallGrid in Frameworks */ = {isa = PBXBuildFile; productRef = 56D027FC29EAADF50048B294 /* WaterfallGrid */; };
		56D0287029EAB50D0048B294 /* MotionManager.swift in Sources */ = {isa = PBXBuildFile; fileRef = 56D0286F29EAB50D0048B294 /* MotionManager.swift */; };
		56D0287329EABC6D0048B294 /* BottomSheet in Frameworks */ = {isa = PBXBuildFile; productRef = 56D0287229EABC6D0048B294 /* BottomSheet */; };
		56D0287529EABD7F0048B294 /* NFTDetailView.swift in Sources */ = {isa = PBXBuildFile; fileRef = 56D0287429EABD7F0048B294 /* NFTDetailView.swift */; };
		56D0287729EAC9460048B294 /* GetRandomEmoji.swift in Sources */ = {isa = PBXBuildFile; fileRef = 56D0287629EAC9460048B294 /* GetRandomEmoji.swift */; };
		56D028CF29EB17020048B294 /* SearchView.swift in Sources */ = {isa = PBXBuildFile; fileRef = 56D028CE29EB17020048B294 /* SearchView.swift */; };
		56D0291D29EB1A500048B294 /* SearchViewModel.swift in Sources */ = {isa = PBXBuildFile; fileRef = 56D0291C29EB1A500048B294 /* SearchViewModel.swift */; };
		56D0299429EB41390048B294 /* AirStackAPI.graphql.swift in Sources */ = {isa = PBXBuildFile; fileRef = 56D0296B29EB41390048B294 /* AirStackAPI.graphql.swift */; };
		56D0299529EB41390048B294 /* TokenBalancesQuery.graphql.swift in Sources */ = {isa = PBXBuildFile; fileRef = 56D0296E29EB41390048B294 /* TokenBalancesQuery.graphql.swift */; };
		56D0299629EB41390048B294 /* TokensQuery.graphql.swift in Sources */ = {isa = PBXBuildFile; fileRef = 56D0296F29EB41390048B294 /* TokensQuery.graphql.swift */; };
		56D0299729EB41390048B294 /* Identity.swift in Sources */ = {isa = PBXBuildFile; fileRef = 56D0297229EB41390048B294 /* Identity.swift */; };
		56D0299829EB41390048B294 /* Address.swift in Sources */ = {isa = PBXBuildFile; fileRef = 56D0297329EB41390048B294 /* Address.swift */; };
		56D0299929EB41390048B294 /* Time.swift in Sources */ = {isa = PBXBuildFile; fileRef = 56D0297429EB41390048B294 /* Time.swift */; };
		56D0299A29EB41390048B294 /* Map.swift in Sources */ = {isa = PBXBuildFile; fileRef = 56D0297529EB41390048B294 /* Map.swift */; };
		56D0299B29EB41390048B294 /* TokenType.graphql.swift in Sources */ = {isa = PBXBuildFile; fileRef = 56D0297729EB41390048B294 /* TokenType.graphql.swift */; };
		56D0299C29EB41390048B294 /* OrderBy.graphql.swift in Sources */ = {isa = PBXBuildFile; fileRef = 56D0297829EB41390048B294 /* OrderBy.graphql.swift */; };
		56D0299D29EB41390048B294 /* TokenBlockchain.graphql.swift in Sources */ = {isa = PBXBuildFile; fileRef = 56D0297929EB41390048B294 /* TokenBlockchain.graphql.swift */; };
		56D0299E29EB41390048B294 /* NftMetadata.graphql.swift in Sources */ = {isa = PBXBuildFile; fileRef = 56D0297B29EB41390048B294 /* NftMetadata.graphql.swift */; };
		56D0299F29EB41390048B294 /* TokenNft.graphql.swift in Sources */ = {isa = PBXBuildFile; fileRef = 56D0297C29EB41390048B294 /* TokenNft.graphql.swift */; };
		56D029A029EB41390048B294 /* Media.graphql.swift in Sources */ = {isa = PBXBuildFile; fileRef = 56D0297D29EB41390048B294 /* Media.graphql.swift */; };
		56D029A129EB41390048B294 /* ImageSizes.graphql.swift in Sources */ = {isa = PBXBuildFile; fileRef = 56D0297E29EB41390048B294 /* ImageSizes.graphql.swift */; };
		56D029A229EB41390048B294 /* TokensOutput.graphql.swift in Sources */ = {isa = PBXBuildFile; fileRef = 56D0297F29EB41390048B294 /* TokensOutput.graphql.swift */; };
		56D029A329EB41390048B294 /* TokenBalance.graphql.swift in Sources */ = {isa = PBXBuildFile; fileRef = 56D0298029EB41390048B294 /* TokenBalance.graphql.swift */; };
		56D029A429EB41390048B294 /* TokenBalancesOutput.graphql.swift in Sources */ = {isa = PBXBuildFile; fileRef = 56D0298129EB41390048B294 /* TokenBalancesOutput.graphql.swift */; };
		56D029A529EB41390048B294 /* PageInfo.graphql.swift in Sources */ = {isa = PBXBuildFile; fileRef = 56D0298229EB41390048B294 /* PageInfo.graphql.swift */; };
		56D029A629EB41390048B294 /* Query.graphql.swift in Sources */ = {isa = PBXBuildFile; fileRef = 56D0298329EB41390048B294 /* Query.graphql.swift */; };
		56D029A729EB41390048B294 /* Wallet.graphql.swift in Sources */ = {isa = PBXBuildFile; fileRef = 56D0298429EB41390048B294 /* Wallet.graphql.swift */; };
		56D029A829EB41390048B294 /* Token.graphql.swift in Sources */ = {isa = PBXBuildFile; fileRef = 56D0298529EB41390048B294 /* Token.graphql.swift */; };
		56D029A929EB41390048B294 /* SchemaConfiguration.swift in Sources */ = {isa = PBXBuildFile; fileRef = 56D0298629EB41390048B294 /* SchemaConfiguration.swift */; };
		56D029AA29EB41390048B294 /* String_Comparator_Exp.graphql.swift in Sources */ = {isa = PBXBuildFile; fileRef = 56D0298829EB41390048B294 /* String_Comparator_Exp.graphql.swift */; };
		56D029AB29EB41390048B294 /* TokenBalancesInput.graphql.swift in Sources */ = {isa = PBXBuildFile; fileRef = 56D0298929EB41390048B294 /* TokenBalancesInput.graphql.swift */; };
		56D029AC29EB41390048B294 /* Address_Comparator_Exp.graphql.swift in Sources */ = {isa = PBXBuildFile; fileRef = 56D0298A29EB41390048B294 /* Address_Comparator_Exp.graphql.swift */; };
		56D029AD29EB41390048B294 /* TokensInput.graphql.swift in Sources */ = {isa = PBXBuildFile; fileRef = 56D0298B29EB41390048B294 /* TokensInput.graphql.swift */; };
		56D029AE29EB41390048B294 /* TokenBalanceOrderBy.graphql.swift in Sources */ = {isa = PBXBuildFile; fileRef = 56D0298C29EB41390048B294 /* TokenBalanceOrderBy.graphql.swift */; };
		56D029AF29EB41390048B294 /* TokenOrderBy.graphql.swift in Sources */ = {isa = PBXBuildFile; fileRef = 56D0298D29EB41390048B294 /* TokenOrderBy.graphql.swift */; };
		56D029B029EB41390048B294 /* TokenType_Comparator_Exp.graphql.swift in Sources */ = {isa = PBXBuildFile; fileRef = 56D0298E29EB41390048B294 /* TokenType_Comparator_Exp.graphql.swift */; };
		56D029B129EB41390048B294 /* Float_Comparator_Exp.graphql.swift in Sources */ = {isa = PBXBuildFile; fileRef = 56D0298F29EB41390048B294 /* Float_Comparator_Exp.graphql.swift */; };
		56D029B229EB41390048B294 /* TokenFilter.graphql.swift in Sources */ = {isa = PBXBuildFile; fileRef = 56D0299029EB41390048B294 /* TokenFilter.graphql.swift */; };
		56D029B329EB41390048B294 /* TokenBalanceFilter.graphql.swift in Sources */ = {isa = PBXBuildFile; fileRef = 56D0299129EB41390048B294 /* TokenBalanceFilter.graphql.swift */; };
		56D029B429EB41390048B294 /* Identity_Comparator_Exp.graphql.swift in Sources */ = {isa = PBXBuildFile; fileRef = 56D0299229EB41390048B294 /* Identity_Comparator_Exp.graphql.swift */; };
		56D029B529EB41390048B294 /* SchemaMetadata.graphql.swift in Sources */ = {isa = PBXBuildFile; fileRef = 56D0299329EB41390048B294 /* SchemaMetadata.graphql.swift */; };
/* End PBXBuildFile section */

/* Begin PBXFileReference section */
		56D0279A29EA525D0048B294 /* EthTokyoApp.app */ = {isa = PBXFileReference; explicitFileType = wrapper.application; includeInIndex = 0; path = EthTokyoApp.app; sourceTree = BUILT_PRODUCTS_DIR; };
		56D0279D29EA525D0048B294 /* EthTokyoAppApp.swift */ = {isa = PBXFileReference; lastKnownFileType = sourcecode.swift; path = EthTokyoAppApp.swift; sourceTree = "<group>"; };
		56D0279F29EA525D0048B294 /* ContentView.swift */ = {isa = PBXFileReference; lastKnownFileType = sourcecode.swift; path = ContentView.swift; sourceTree = "<group>"; };
		56D027A129EA525E0048B294 /* Assets.xcassets */ = {isa = PBXFileReference; lastKnownFileType = folder.assetcatalog; path = Assets.xcassets; sourceTree = "<group>"; };
		56D027A429EA525E0048B294 /* Preview Assets.xcassets */ = {isa = PBXFileReference; lastKnownFileType = folder.assetcatalog; path = "Preview Assets.xcassets"; sourceTree = "<group>"; };
		56D027B129EA67FC0048B294 /* GraphQLClient.swift */ = {isa = PBXFileReference; lastKnownFileType = sourcecode.swift; path = GraphQLClient.swift; sourceTree = "<group>"; };
		56D027B329EA6BAD0048B294 /* LoginView.swift */ = {isa = PBXFileReference; lastKnownFileType = sourcecode.swift; path = LoginView.swift; sourceTree = "<group>"; };
		56D027B529EA6BB80048B294 /* MainView.swift */ = {isa = PBXFileReference; lastKnownFileType = sourcecode.swift; path = MainView.swift; sourceTree = "<group>"; };
		56D027F029EA81D40048B294 /* MainViewModel.swift */ = {isa = PBXFileReference; lastKnownFileType = sourcecode.swift; path = MainViewModel.swift; sourceTree = "<group>"; };
		56D0286F29EAB50D0048B294 /* MotionManager.swift */ = {isa = PBXFileReference; lastKnownFileType = sourcecode.swift; path = MotionManager.swift; sourceTree = "<group>"; };
		56D0287429EABD7F0048B294 /* NFTDetailView.swift */ = {isa = PBXFileReference; lastKnownFileType = sourcecode.swift; path = NFTDetailView.swift; sourceTree = "<group>"; };
		56D0287629EAC9460048B294 /* GetRandomEmoji.swift */ = {isa = PBXFileReference; lastKnownFileType = sourcecode.swift; path = GetRandomEmoji.swift; sourceTree = "<group>"; };
		56D028CE29EB17020048B294 /* SearchView.swift */ = {isa = PBXFileReference; lastKnownFileType = sourcecode.swift; path = SearchView.swift; sourceTree = "<group>"; };
		56D0291C29EB1A500048B294 /* SearchViewModel.swift */ = {isa = PBXFileReference; lastKnownFileType = sourcecode.swift; path = SearchViewModel.swift; sourceTree = "<group>"; };
		56D0296B29EB41390048B294 /* AirStackAPI.graphql.swift */ = {isa = PBXFileReference; fileEncoding = 4; lastKnownFileType = sourcecode.swift; path = AirStackAPI.graphql.swift; sourceTree = "<group>"; };
		56D0296E29EB41390048B294 /* TokenBalancesQuery.graphql.swift */ = {isa = PBXFileReference; fileEncoding = 4; lastKnownFileType = sourcecode.swift; path = TokenBalancesQuery.graphql.swift; sourceTree = "<group>"; };
		56D0296F29EB41390048B294 /* TokensQuery.graphql.swift */ = {isa = PBXFileReference; fileEncoding = 4; lastKnownFileType = sourcecode.swift; path = TokensQuery.graphql.swift; sourceTree = "<group>"; };
		56D0297229EB41390048B294 /* Identity.swift */ = {isa = PBXFileReference; fileEncoding = 4; lastKnownFileType = sourcecode.swift; path = Identity.swift; sourceTree = "<group>"; };
		56D0297329EB41390048B294 /* Address.swift */ = {isa = PBXFileReference; fileEncoding = 4; lastKnownFileType = sourcecode.swift; path = Address.swift; sourceTree = "<group>"; };
		56D0297429EB41390048B294 /* Time.swift */ = {isa = PBXFileReference; fileEncoding = 4; lastKnownFileType = sourcecode.swift; path = Time.swift; sourceTree = "<group>"; };
		56D0297529EB41390048B294 /* Map.swift */ = {isa = PBXFileReference; fileEncoding = 4; lastKnownFileType = sourcecode.swift; path = Map.swift; sourceTree = "<group>"; };
		56D0297729EB41390048B294 /* TokenType.graphql.swift */ = {isa = PBXFileReference; fileEncoding = 4; lastKnownFileType = sourcecode.swift; path = TokenType.graphql.swift; sourceTree = "<group>"; };
		56D0297829EB41390048B294 /* OrderBy.graphql.swift */ = {isa = PBXFileReference; fileEncoding = 4; lastKnownFileType = sourcecode.swift; path = OrderBy.graphql.swift; sourceTree = "<group>"; };
		56D0297929EB41390048B294 /* TokenBlockchain.graphql.swift */ = {isa = PBXFileReference; fileEncoding = 4; lastKnownFileType = sourcecode.swift; path = TokenBlockchain.graphql.swift; sourceTree = "<group>"; };
		56D0297B29EB41390048B294 /* NftMetadata.graphql.swift */ = {isa = PBXFileReference; fileEncoding = 4; lastKnownFileType = sourcecode.swift; path = NftMetadata.graphql.swift; sourceTree = "<group>"; };
		56D0297C29EB41390048B294 /* TokenNft.graphql.swift */ = {isa = PBXFileReference; fileEncoding = 4; lastKnownFileType = sourcecode.swift; path = TokenNft.graphql.swift; sourceTree = "<group>"; };
		56D0297D29EB41390048B294 /* Media.graphql.swift */ = {isa = PBXFileReference; fileEncoding = 4; lastKnownFileType = sourcecode.swift; path = Media.graphql.swift; sourceTree = "<group>"; };
		56D0297E29EB41390048B294 /* ImageSizes.graphql.swift */ = {isa = PBXFileReference; fileEncoding = 4; lastKnownFileType = sourcecode.swift; path = ImageSizes.graphql.swift; sourceTree = "<group>"; };
		56D0297F29EB41390048B294 /* TokensOutput.graphql.swift */ = {isa = PBXFileReference; fileEncoding = 4; lastKnownFileType = sourcecode.swift; path = TokensOutput.graphql.swift; sourceTree = "<group>"; };
		56D0298029EB41390048B294 /* TokenBalance.graphql.swift */ = {isa = PBXFileReference; fileEncoding = 4; lastKnownFileType = sourcecode.swift; path = TokenBalance.graphql.swift; sourceTree = "<group>"; };
		56D0298129EB41390048B294 /* TokenBalancesOutput.graphql.swift */ = {isa = PBXFileReference; fileEncoding = 4; lastKnownFileType = sourcecode.swift; path = TokenBalancesOutput.graphql.swift; sourceTree = "<group>"; };
		56D0298229EB41390048B294 /* PageInfo.graphql.swift */ = {isa = PBXFileReference; fileEncoding = 4; lastKnownFileType = sourcecode.swift; path = PageInfo.graphql.swift; sourceTree = "<group>"; };
		56D0298329EB41390048B294 /* Query.graphql.swift */ = {isa = PBXFileReference; fileEncoding = 4; lastKnownFileType = sourcecode.swift; path = Query.graphql.swift; sourceTree = "<group>"; };
		56D0298429EB41390048B294 /* Wallet.graphql.swift */ = {isa = PBXFileReference; fileEncoding = 4; lastKnownFileType = sourcecode.swift; path = Wallet.graphql.swift; sourceTree = "<group>"; };
		56D0298529EB41390048B294 /* Token.graphql.swift */ = {isa = PBXFileReference; fileEncoding = 4; lastKnownFileType = sourcecode.swift; path = Token.graphql.swift; sourceTree = "<group>"; };
		56D0298629EB41390048B294 /* SchemaConfiguration.swift */ = {isa = PBXFileReference; fileEncoding = 4; lastKnownFileType = sourcecode.swift; path = SchemaConfiguration.swift; sourceTree = "<group>"; };
		56D0298829EB41390048B294 /* String_Comparator_Exp.graphql.swift */ = {isa = PBXFileReference; fileEncoding = 4; lastKnownFileType = sourcecode.swift; path = String_Comparator_Exp.graphql.swift; sourceTree = "<group>"; };
		56D0298929EB41390048B294 /* TokenBalancesInput.graphql.swift */ = {isa = PBXFileReference; fileEncoding = 4; lastKnownFileType = sourcecode.swift; path = TokenBalancesInput.graphql.swift; sourceTree = "<group>"; };
		56D0298A29EB41390048B294 /* Address_Comparator_Exp.graphql.swift */ = {isa = PBXFileReference; fileEncoding = 4; lastKnownFileType = sourcecode.swift; path = Address_Comparator_Exp.graphql.swift; sourceTree = "<group>"; };
		56D0298B29EB41390048B294 /* TokensInput.graphql.swift */ = {isa = PBXFileReference; fileEncoding = 4; lastKnownFileType = sourcecode.swift; path = TokensInput.graphql.swift; sourceTree = "<group>"; };
		56D0298C29EB41390048B294 /* TokenBalanceOrderBy.graphql.swift */ = {isa = PBXFileReference; fileEncoding = 4; lastKnownFileType = sourcecode.swift; path = TokenBalanceOrderBy.graphql.swift; sourceTree = "<group>"; };
		56D0298D29EB41390048B294 /* TokenOrderBy.graphql.swift */ = {isa = PBXFileReference; fileEncoding = 4; lastKnownFileType = sourcecode.swift; path = TokenOrderBy.graphql.swift; sourceTree = "<group>"; };
		56D0298E29EB41390048B294 /* TokenType_Comparator_Exp.graphql.swift */ = {isa = PBXFileReference; fileEncoding = 4; lastKnownFileType = sourcecode.swift; path = TokenType_Comparator_Exp.graphql.swift; sourceTree = "<group>"; };
		56D0298F29EB41390048B294 /* Float_Comparator_Exp.graphql.swift */ = {isa = PBXFileReference; fileEncoding = 4; lastKnownFileType = sourcecode.swift; path = Float_Comparator_Exp.graphql.swift; sourceTree = "<group>"; };
		56D0299029EB41390048B294 /* TokenFilter.graphql.swift */ = {isa = PBXFileReference; fileEncoding = 4; lastKnownFileType = sourcecode.swift; path = TokenFilter.graphql.swift; sourceTree = "<group>"; };
		56D0299129EB41390048B294 /* TokenBalanceFilter.graphql.swift */ = {isa = PBXFileReference; fileEncoding = 4; lastKnownFileType = sourcecode.swift; path = TokenBalanceFilter.graphql.swift; sourceTree = "<group>"; };
		56D0299229EB41390048B294 /* Identity_Comparator_Exp.graphql.swift */ = {isa = PBXFileReference; fileEncoding = 4; lastKnownFileType = sourcecode.swift; path = Identity_Comparator_Exp.graphql.swift; sourceTree = "<group>"; };
		56D0299329EB41390048B294 /* SchemaMetadata.graphql.swift */ = {isa = PBXFileReference; fileEncoding = 4; lastKnownFileType = sourcecode.swift; path = SchemaMetadata.graphql.swift; sourceTree = "<group>"; };
/* End PBXFileReference section */

/* Begin PBXFrameworksBuildPhase section */
		56D0279729EA525D0048B294 /* Frameworks */ = {
			isa = PBXFrameworksBuildPhase;
			buildActionMask = 2147483647;
			files = (
				56D0287329EABC6D0048B294 /* BottomSheet in Frameworks */,
				56D027FA29EAAD0B0048B294 /* SDWebImageSwiftUI in Frameworks */,
				56D027FD29EAADF50048B294 /* WaterfallGrid in Frameworks */,
				56D027AD29EA54830048B294 /* metamask-ios-sdk in Frameworks */,
				56D027B929EA75DB0048B294 /* Apollo in Frameworks */,
			);
			runOnlyForDeploymentPostprocessing = 0;
		};
/* End PBXFrameworksBuildPhase section */

/* Begin PBXGroup section */
		56D0279129EA525D0048B294 = {
			isa = PBXGroup;
			children = (
				56D0279C29EA525D0048B294 /* EthTokyoApp */,
				56D0279B29EA525D0048B294 /* Products */,
			);
			sourceTree = "<group>";
		};
		56D0279B29EA525D0048B294 /* Products */ = {
			isa = PBXGroup;
			children = (
				56D0279A29EA525D0048B294 /* EthTokyoApp.app */,
			);
			name = Products;
			sourceTree = "<group>";
		};
		56D0279C29EA525D0048B294 /* EthTokyoApp */ = {
			isa = PBXGroup;
			children = (
				56D0296A29EB41390048B294 /* AirStackAPI */,
				56D027AF29EA67C70048B294 /* View */,
				56D027B029EA67CC0048B294 /* ViewModel */,
				56D027AE29EA67BC0048B294 /* Model */,
				56D0286E29EAB4FA0048B294 /* Util */,
				56D0279D29EA525D0048B294 /* EthTokyoAppApp.swift */,
				56D0279F29EA525D0048B294 /* ContentView.swift */,
				56D027A129EA525E0048B294 /* Assets.xcassets */,
				56D027A329EA525E0048B294 /* Preview Content */,
			);
			path = EthTokyoApp;
			sourceTree = "<group>";
		};
		56D027A329EA525E0048B294 /* Preview Content */ = {
			isa = PBXGroup;
			children = (
				56D027A429EA525E0048B294 /* Preview Assets.xcassets */,
			);
			path = "Preview Content";
			sourceTree = "<group>";
		};
		56D027AE29EA67BC0048B294 /* Model */ = {
			isa = PBXGroup;
			children = (
				56D027B129EA67FC0048B294 /* GraphQLClient.swift */,
			);
			path = Model;
			sourceTree = "<group>";
		};
		56D027AF29EA67C70048B294 /* View */ = {
			isa = PBXGroup;
			children = (
				56D027B329EA6BAD0048B294 /* LoginView.swift */,
				56D027B529EA6BB80048B294 /* MainView.swift */,
				56D028CE29EB17020048B294 /* SearchView.swift */,
				56D0287429EABD7F0048B294 /* NFTDetailView.swift */,
			);
			path = View;
			sourceTree = "<group>";
		};
		56D027B029EA67CC0048B294 /* ViewModel */ = {
			isa = PBXGroup;
			children = (
				56D027F029EA81D40048B294 /* MainViewModel.swift */,
				56D0291C29EB1A500048B294 /* SearchViewModel.swift */,
			);
			path = ViewModel;
			sourceTree = "<group>";
		};
		56D0286E29EAB4FA0048B294 /* Util */ = {
			isa = PBXGroup;
			children = (
				56D0286F29EAB50D0048B294 /* MotionManager.swift */,
				56D0287629EAC9460048B294 /* GetRandomEmoji.swift */,
			);
			path = Util;
			sourceTree = "<group>";
		};
		56D0296A29EB41390048B294 /* AirStackAPI */ = {
			isa = PBXGroup;
			children = (
				56D0296B29EB41390048B294 /* AirStackAPI.graphql.swift */,
				56D0296C29EB41390048B294 /* Operations */,
				56D0297029EB41390048B294 /* Schema */,
			);
			path = AirStackAPI;
			sourceTree = SOURCE_ROOT;
		};
		56D0296C29EB41390048B294 /* Operations */ = {
			isa = PBXGroup;
			children = (
				56D0296D29EB41390048B294 /* Queries */,
			);
			path = Operations;
			sourceTree = "<group>";
		};
		56D0296D29EB41390048B294 /* Queries */ = {
			isa = PBXGroup;
			children = (
				56D0296E29EB41390048B294 /* TokenBalancesQuery.graphql.swift */,
				56D0296F29EB41390048B294 /* TokensQuery.graphql.swift */,
			);
			path = Queries;
			sourceTree = "<group>";
		};
		56D0297029EB41390048B294 /* Schema */ = {
			isa = PBXGroup;
			children = (
				56D0297129EB41390048B294 /* CustomScalars */,
				56D0297629EB41390048B294 /* Enums */,
				56D0297A29EB41390048B294 /* Objects */,
				56D0298629EB41390048B294 /* SchemaConfiguration.swift */,
				56D0298729EB41390048B294 /* InputObjects */,
				56D0299329EB41390048B294 /* SchemaMetadata.graphql.swift */,
			);
			path = Schema;
			sourceTree = "<group>";
		};
		56D0297129EB41390048B294 /* CustomScalars */ = {
			isa = PBXGroup;
			children = (
				56D0297229EB41390048B294 /* Identity.swift */,
				56D0297329EB41390048B294 /* Address.swift */,
				56D0297429EB41390048B294 /* Time.swift */,
				56D0297529EB41390048B294 /* Map.swift */,
			);
			path = CustomScalars;
			sourceTree = "<group>";
		};
		56D0297629EB41390048B294 /* Enums */ = {
			isa = PBXGroup;
			children = (
				56D0297729EB41390048B294 /* TokenType.graphql.swift */,
				56D0297829EB41390048B294 /* OrderBy.graphql.swift */,
				56D0297929EB41390048B294 /* TokenBlockchain.graphql.swift */,
			);
			path = Enums;
			sourceTree = "<group>";
		};
		56D0297A29EB41390048B294 /* Objects */ = {
			isa = PBXGroup;
			children = (
				56D0297B29EB41390048B294 /* NftMetadata.graphql.swift */,
				56D0297C29EB41390048B294 /* TokenNft.graphql.swift */,
				56D0297D29EB41390048B294 /* Media.graphql.swift */,
				56D0297E29EB41390048B294 /* ImageSizes.graphql.swift */,
				56D0297F29EB41390048B294 /* TokensOutput.graphql.swift */,
				56D0298029EB41390048B294 /* TokenBalance.graphql.swift */,
				56D0298129EB41390048B294 /* TokenBalancesOutput.graphql.swift */,
				56D0298229EB41390048B294 /* PageInfo.graphql.swift */,
				56D0298329EB41390048B294 /* Query.graphql.swift */,
				56D0298429EB41390048B294 /* Wallet.graphql.swift */,
				56D0298529EB41390048B294 /* Token.graphql.swift */,
			);
			path = Objects;
			sourceTree = "<group>";
		};
		56D0298729EB41390048B294 /* InputObjects */ = {
			isa = PBXGroup;
			children = (
				56D0298829EB41390048B294 /* String_Comparator_Exp.graphql.swift */,
				56D0298929EB41390048B294 /* TokenBalancesInput.graphql.swift */,
				56D0298A29EB41390048B294 /* Address_Comparator_Exp.graphql.swift */,
				56D0298B29EB41390048B294 /* TokensInput.graphql.swift */,
				56D0298C29EB41390048B294 /* TokenBalanceOrderBy.graphql.swift */,
				56D0298D29EB41390048B294 /* TokenOrderBy.graphql.swift */,
				56D0298E29EB41390048B294 /* TokenType_Comparator_Exp.graphql.swift */,
				56D0298F29EB41390048B294 /* Float_Comparator_Exp.graphql.swift */,
				56D0299029EB41390048B294 /* TokenFilter.graphql.swift */,
				56D0299129EB41390048B294 /* TokenBalanceFilter.graphql.swift */,
				56D0299229EB41390048B294 /* Identity_Comparator_Exp.graphql.swift */,
			);
			path = InputObjects;
			sourceTree = "<group>";
		};
/* End PBXGroup section */

/* Begin PBXNativeTarget section */
		56D0279929EA525D0048B294 /* EthTokyoApp */ = {
			isa = PBXNativeTarget;
			buildConfigurationList = 56D027A829EA525E0048B294 /* Build configuration list for PBXNativeTarget "EthTokyoApp" */;
			buildPhases = (
				56D0279629EA525D0048B294 /* Sources */,
				56D0279729EA525D0048B294 /* Frameworks */,
				56D0279829EA525D0048B294 /* Resources */,
			);
			buildRules = (
			);
			dependencies = (
			);
			name = EthTokyoApp;
			packageProductDependencies = (
				56D027AC29EA54830048B294 /* metamask-ios-sdk */,
				56D027B829EA75DB0048B294 /* Apollo */,
				56D027F929EAAD0B0048B294 /* SDWebImageSwiftUI */,
				56D027FC29EAADF50048B294 /* WaterfallGrid */,
				56D0287229EABC6D0048B294 /* BottomSheet */,
			);
			productName = EthTokyoApp;
			productReference = 56D0279A29EA525D0048B294 /* EthTokyoApp.app */;
			productType = "com.apple.product-type.application";
		};
/* End PBXNativeTarget section */

/* Begin PBXProject section */
		56D0279229EA525D0048B294 /* Project object */ = {
			isa = PBXProject;
			attributes = {
				BuildIndependentTargetsInParallel = 1;
				LastSwiftUpdateCheck = 1420;
				LastUpgradeCheck = 1420;
				TargetAttributes = {
					56D0279929EA525D0048B294 = {
						CreatedOnToolsVersion = 14.2;
					};
				};
			};
			buildConfigurationList = 56D0279529EA525D0048B294 /* Build configuration list for PBXProject "EthTokyoApp" */;
			compatibilityVersion = "Xcode 14.0";
			developmentRegion = en;
			hasScannedForEncodings = 0;
			knownRegions = (
				en,
				Base,
			);
			mainGroup = 56D0279129EA525D0048B294;
			packageReferences = (
				56D027AB29EA54830048B294 /* XCRemoteSwiftPackageReference "metamask-ios-sdk" */,
				56D027B729EA75DB0048B294 /* XCRemoteSwiftPackageReference "apollo-ios" */,
				56D027F829EAAD0B0048B294 /* XCRemoteSwiftPackageReference "SDWebImageSwiftUI" */,
				56D027FB29EAADF50048B294 /* XCRemoteSwiftPackageReference "WaterfallGrid" */,
				56D0287129EABC6D0048B294 /* XCRemoteSwiftPackageReference "BottomSheet" */,
			);
			productRefGroup = 56D0279B29EA525D0048B294 /* Products */;
			projectDirPath = "";
			projectRoot = "";
			targets = (
				56D0279929EA525D0048B294 /* EthTokyoApp */,
			);
		};
/* End PBXProject section */

/* Begin PBXResourcesBuildPhase section */
		56D0279829EA525D0048B294 /* Resources */ = {
			isa = PBXResourcesBuildPhase;
			buildActionMask = 2147483647;
			files = (
				56D027A529EA525E0048B294 /* Preview Assets.xcassets in Resources */,
				56D027A229EA525E0048B294 /* Assets.xcassets in Resources */,
			);
			runOnlyForDeploymentPostprocessing = 0;
		};
/* End PBXResourcesBuildPhase section */

/* Begin PBXSourcesBuildPhase section */
		56D0279629EA525D0048B294 /* Sources */ = {
			isa = PBXSourcesBuildPhase;
			buildActionMask = 2147483647;
			files = (
				56D0287529EABD7F0048B294 /* NFTDetailView.swift in Sources */,
				56D0291D29EB1A500048B294 /* SearchViewModel.swift in Sources */,
				56D029B229EB41390048B294 /* TokenFilter.graphql.swift in Sources */,
				56D028CF29EB17020048B294 /* SearchView.swift in Sources */,
				56D0299529EB41390048B294 /* TokenBalancesQuery.graphql.swift in Sources */,
				56D029B129EB41390048B294 /* Float_Comparator_Exp.graphql.swift in Sources */,
				56D029B429EB41390048B294 /* Identity_Comparator_Exp.graphql.swift in Sources */,
				56D0299E29EB41390048B294 /* NftMetadata.graphql.swift in Sources */,
				56D029AE29EB41390048B294 /* TokenBalanceOrderBy.graphql.swift in Sources */,
				56D0299D29EB41390048B294 /* TokenBlockchain.graphql.swift in Sources */,
				56D029B329EB41390048B294 /* TokenBalanceFilter.graphql.swift in Sources */,
				56D0299F29EB41390048B294 /* TokenNft.graphql.swift in Sources */,
				56D029A629EB41390048B294 /* Query.graphql.swift in Sources */,
				56D029AB29EB41390048B294 /* TokenBalancesInput.graphql.swift in Sources */,
				56D0299C29EB41390048B294 /* OrderBy.graphql.swift in Sources */,
				56D029A429EB41390048B294 /* TokenBalancesOutput.graphql.swift in Sources */,
				56D027B229EA67FC0048B294 /* GraphQLClient.swift in Sources */,
				56D0299929EB41390048B294 /* Time.swift in Sources */,
				56D029A829EB41390048B294 /* Token.graphql.swift in Sources */,
				56D029A129EB41390048B294 /* ImageSizes.graphql.swift in Sources */,
				56D0287729EAC9460048B294 /* GetRandomEmoji.swift in Sources */,
				56D029AA29EB41390048B294 /* String_Comparator_Exp.graphql.swift in Sources */,
				56D0299629EB41390048B294 /* TokensQuery.graphql.swift in Sources */,
				56D0299729EB41390048B294 /* Identity.swift in Sources */,
				56D027F129EA81D40048B294 /* MainViewModel.swift in Sources */,
				56D027A029EA525D0048B294 /* ContentView.swift in Sources */,
				56D027B429EA6BAD0048B294 /* LoginView.swift in Sources */,
				56D027B629EA6BB80048B294 /* MainView.swift in Sources */,
				56D029A329EB41390048B294 /* TokenBalance.graphql.swift in Sources */,
				56D0299429EB41390048B294 /* AirStackAPI.graphql.swift in Sources */,
				56D029A229EB41390048B294 /* TokensOutput.graphql.swift in Sources */,
				56D0287029EAB50D0048B294 /* MotionManager.swift in Sources */,
				56D029B029EB41390048B294 /* TokenType_Comparator_Exp.graphql.swift in Sources */,
				56D029A029EB41390048B294 /* Media.graphql.swift in Sources */,
				56D029A729EB41390048B294 /* Wallet.graphql.swift in Sources */,
				56D029AF29EB41390048B294 /* TokenOrderBy.graphql.swift in Sources */,
				56D029AD29EB41390048B294 /* TokensInput.graphql.swift in Sources */,
				56D0299829EB41390048B294 /* Address.swift in Sources */,
				56D0299A29EB41390048B294 /* Map.swift in Sources */,
				56D029A529EB41390048B294 /* PageInfo.graphql.swift in Sources */,
				56D0279E29EA525D0048B294 /* EthTokyoAppApp.swift in Sources */,
				56D029AC29EB41390048B294 /* Address_Comparator_Exp.graphql.swift in Sources */,
				56D0299B29EB41390048B294 /* TokenType.graphql.swift in Sources */,
				56D029B529EB41390048B294 /* SchemaMetadata.graphql.swift in Sources */,
				56D029A929EB41390048B294 /* SchemaConfiguration.swift in Sources */,
			);
			runOnlyForDeploymentPostprocessing = 0;
		};
/* End PBXSourcesBuildPhase section */

/* Begin XCBuildConfiguration section */
		56D027A629EA525E0048B294 /* Debug */ = {
			isa = XCBuildConfiguration;
			buildSettings = {
				ALWAYS_SEARCH_USER_PATHS = NO;
				CLANG_ANALYZER_NONNULL = YES;
				CLANG_ANALYZER_NUMBER_OBJECT_CONVERSION = YES_AGGRESSIVE;
				CLANG_CXX_LANGUAGE_STANDARD = "gnu++20";
				CLANG_ENABLE_MODULES = YES;
				CLANG_ENABLE_OBJC_ARC = YES;
				CLANG_ENABLE_OBJC_WEAK = YES;
				CLANG_WARN_BLOCK_CAPTURE_AUTORELEASING = YES;
				CLANG_WARN_BOOL_CONVERSION = YES;
				CLANG_WARN_COMMA = YES;
				CLANG_WARN_CONSTANT_CONVERSION = YES;
				CLANG_WARN_DEPRECATED_OBJC_IMPLEMENTATIONS = YES;
				CLANG_WARN_DIRECT_OBJC_ISA_USAGE = YES_ERROR;
				CLANG_WARN_DOCUMENTATION_COMMENTS = YES;
				CLANG_WARN_EMPTY_BODY = YES;
				CLANG_WARN_ENUM_CONVERSION = YES;
				CLANG_WARN_INFINITE_RECURSION = YES;
				CLANG_WARN_INT_CONVERSION = YES;
				CLANG_WARN_NON_LITERAL_NULL_CONVERSION = YES;
				CLANG_WARN_OBJC_IMPLICIT_RETAIN_SELF = YES;
				CLANG_WARN_OBJC_LITERAL_CONVERSION = YES;
				CLANG_WARN_OBJC_ROOT_CLASS = YES_ERROR;
				CLANG_WARN_QUOTED_INCLUDE_IN_FRAMEWORK_HEADER = YES;
				CLANG_WARN_RANGE_LOOP_ANALYSIS = YES;
				CLANG_WARN_STRICT_PROTOTYPES = YES;
				CLANG_WARN_SUSPICIOUS_MOVE = YES;
				CLANG_WARN_UNGUARDED_AVAILABILITY = YES_AGGRESSIVE;
				CLANG_WARN_UNREACHABLE_CODE = YES;
				CLANG_WARN__DUPLICATE_METHOD_MATCH = YES;
				COPY_PHASE_STRIP = NO;
				DEBUG_INFORMATION_FORMAT = dwarf;
				ENABLE_STRICT_OBJC_MSGSEND = YES;
				ENABLE_TESTABILITY = YES;
				GCC_C_LANGUAGE_STANDARD = gnu11;
				GCC_DYNAMIC_NO_PIC = NO;
				GCC_NO_COMMON_BLOCKS = YES;
				GCC_OPTIMIZATION_LEVEL = 0;
				GCC_PREPROCESSOR_DEFINITIONS = (
					"DEBUG=1",
					"$(inherited)",
				);
				GCC_WARN_64_TO_32_BIT_CONVERSION = YES;
				GCC_WARN_ABOUT_RETURN_TYPE = YES_ERROR;
				GCC_WARN_UNDECLARED_SELECTOR = YES;
				GCC_WARN_UNINITIALIZED_AUTOS = YES_AGGRESSIVE;
				GCC_WARN_UNUSED_FUNCTION = YES;
				GCC_WARN_UNUSED_VARIABLE = YES;
				IPHONEOS_DEPLOYMENT_TARGET = 16.2;
				MTL_ENABLE_DEBUG_INFO = INCLUDE_SOURCE;
				MTL_FAST_MATH = YES;
				ONLY_ACTIVE_ARCH = YES;
				SDKROOT = iphoneos;
				SWIFT_ACTIVE_COMPILATION_CONDITIONS = DEBUG;
				SWIFT_OPTIMIZATION_LEVEL = "-Onone";
			};
			name = Debug;
		};
		56D027A729EA525E0048B294 /* Release */ = {
			isa = XCBuildConfiguration;
			buildSettings = {
				ALWAYS_SEARCH_USER_PATHS = NO;
				CLANG_ANALYZER_NONNULL = YES;
				CLANG_ANALYZER_NUMBER_OBJECT_CONVERSION = YES_AGGRESSIVE;
				CLANG_CXX_LANGUAGE_STANDARD = "gnu++20";
				CLANG_ENABLE_MODULES = YES;
				CLANG_ENABLE_OBJC_ARC = YES;
				CLANG_ENABLE_OBJC_WEAK = YES;
				CLANG_WARN_BLOCK_CAPTURE_AUTORELEASING = YES;
				CLANG_WARN_BOOL_CONVERSION = YES;
				CLANG_WARN_COMMA = YES;
				CLANG_WARN_CONSTANT_CONVERSION = YES;
				CLANG_WARN_DEPRECATED_OBJC_IMPLEMENTATIONS = YES;
				CLANG_WARN_DIRECT_OBJC_ISA_USAGE = YES_ERROR;
				CLANG_WARN_DOCUMENTATION_COMMENTS = YES;
				CLANG_WARN_EMPTY_BODY = YES;
				CLANG_WARN_ENUM_CONVERSION = YES;
				CLANG_WARN_INFINITE_RECURSION = YES;
				CLANG_WARN_INT_CONVERSION = YES;
				CLANG_WARN_NON_LITERAL_NULL_CONVERSION = YES;
				CLANG_WARN_OBJC_IMPLICIT_RETAIN_SELF = YES;
				CLANG_WARN_OBJC_LITERAL_CONVERSION = YES;
				CLANG_WARN_OBJC_ROOT_CLASS = YES_ERROR;
				CLANG_WARN_QUOTED_INCLUDE_IN_FRAMEWORK_HEADER = YES;
				CLANG_WARN_RANGE_LOOP_ANALYSIS = YES;
				CLANG_WARN_STRICT_PROTOTYPES = YES;
				CLANG_WARN_SUSPICIOUS_MOVE = YES;
				CLANG_WARN_UNGUARDED_AVAILABILITY = YES_AGGRESSIVE;
				CLANG_WARN_UNREACHABLE_CODE = YES;
				CLANG_WARN__DUPLICATE_METHOD_MATCH = YES;
				COPY_PHASE_STRIP = NO;
				DEBUG_INFORMATION_FORMAT = "dwarf-with-dsym";
				ENABLE_NS_ASSERTIONS = NO;
				ENABLE_STRICT_OBJC_MSGSEND = YES;
				GCC_C_LANGUAGE_STANDARD = gnu11;
				GCC_NO_COMMON_BLOCKS = YES;
				GCC_WARN_64_TO_32_BIT_CONVERSION = YES;
				GCC_WARN_ABOUT_RETURN_TYPE = YES_ERROR;
				GCC_WARN_UNDECLARED_SELECTOR = YES;
				GCC_WARN_UNINITIALIZED_AUTOS = YES_AGGRESSIVE;
				GCC_WARN_UNUSED_FUNCTION = YES;
				GCC_WARN_UNUSED_VARIABLE = YES;
				IPHONEOS_DEPLOYMENT_TARGET = 16.2;
				MTL_ENABLE_DEBUG_INFO = NO;
				MTL_FAST_MATH = YES;
				SDKROOT = iphoneos;
				SWIFT_COMPILATION_MODE = wholemodule;
				SWIFT_OPTIMIZATION_LEVEL = "-O";
				VALIDATE_PRODUCT = YES;
			};
			name = Release;
		};
		56D027A929EA525E0048B294 /* Debug */ = {
			isa = XCBuildConfiguration;
			buildSettings = {
				ASSETCATALOG_COMPILER_APPICON_NAME = AppIcon;
				ASSETCATALOG_COMPILER_GLOBAL_ACCENT_COLOR_NAME = AccentColor;
				CODE_SIGN_STYLE = Automatic;
				CURRENT_PROJECT_VERSION = 1;
				DEVELOPMENT_ASSET_PATHS = "\"EthTokyoApp/Preview Content\"";
				DEVELOPMENT_TEAM = ZH8Y4VAW9R;
				ENABLE_PREVIEWS = YES;
				GENERATE_INFOPLIST_FILE = YES;
				INFOPLIST_KEY_UIApplicationSceneManifest_Generation = YES;
				INFOPLIST_KEY_UIApplicationSupportsIndirectInputEvents = YES;
				INFOPLIST_KEY_UILaunchScreen_Generation = YES;
				INFOPLIST_KEY_UISupportedInterfaceOrientations_iPad = "UIInterfaceOrientationPortrait UIInterfaceOrientationPortraitUpsideDown UIInterfaceOrientationLandscapeLeft UIInterfaceOrientationLandscapeRight";
				INFOPLIST_KEY_UISupportedInterfaceOrientations_iPhone = "UIInterfaceOrientationPortrait UIInterfaceOrientationLandscapeLeft UIInterfaceOrientationLandscapeRight";
				IPHONEOS_DEPLOYMENT_TARGET = 16.1;
				LD_RUNPATH_SEARCH_PATHS = (
					"$(inherited)",
					"@executable_path/Frameworks",
				);
				MARKETING_VERSION = 1.0;
				PRODUCT_BUNDLE_IDENTIFIER = ness.Inc.EthTokyoApp;
				PRODUCT_NAME = "$(TARGET_NAME)";
				SWIFT_EMIT_LOC_STRINGS = YES;
				SWIFT_VERSION = 5.0;
				TARGETED_DEVICE_FAMILY = "1,2";
			};
			name = Debug;
		};
		56D027AA29EA525E0048B294 /* Release */ = {
			isa = XCBuildConfiguration;
			buildSettings = {
				ASSETCATALOG_COMPILER_APPICON_NAME = AppIcon;
				ASSETCATALOG_COMPILER_GLOBAL_ACCENT_COLOR_NAME = AccentColor;
				CODE_SIGN_STYLE = Automatic;
				CURRENT_PROJECT_VERSION = 1;
				DEVELOPMENT_ASSET_PATHS = "\"EthTokyoApp/Preview Content\"";
				DEVELOPMENT_TEAM = ZH8Y4VAW9R;
				ENABLE_PREVIEWS = YES;
				GENERATE_INFOPLIST_FILE = YES;
				INFOPLIST_KEY_UIApplicationSceneManifest_Generation = YES;
				INFOPLIST_KEY_UIApplicationSupportsIndirectInputEvents = YES;
				INFOPLIST_KEY_UILaunchScreen_Generation = YES;
				INFOPLIST_KEY_UISupportedInterfaceOrientations_iPad = "UIInterfaceOrientationPortrait UIInterfaceOrientationPortraitUpsideDown UIInterfaceOrientationLandscapeLeft UIInterfaceOrientationLandscapeRight";
				INFOPLIST_KEY_UISupportedInterfaceOrientations_iPhone = "UIInterfaceOrientationPortrait UIInterfaceOrientationLandscapeLeft UIInterfaceOrientationLandscapeRight";
				IPHONEOS_DEPLOYMENT_TARGET = 16.1;
				LD_RUNPATH_SEARCH_PATHS = (
					"$(inherited)",
					"@executable_path/Frameworks",
				);
				MARKETING_VERSION = 1.0;
				PRODUCT_BUNDLE_IDENTIFIER = ness.Inc.EthTokyoApp;
				PRODUCT_NAME = "$(TARGET_NAME)";
				SWIFT_EMIT_LOC_STRINGS = YES;
				SWIFT_VERSION = 5.0;
				TARGETED_DEVICE_FAMILY = "1,2";
			};
			name = Release;
		};
/* End XCBuildConfiguration section */

/* Begin XCConfigurationList section */
		56D0279529EA525D0048B294 /* Build configuration list for PBXProject "EthTokyoApp" */ = {
			isa = XCConfigurationList;
			buildConfigurations = (
				56D027A629EA525E0048B294 /* Debug */,
				56D027A729EA525E0048B294 /* Release */,
			);
			defaultConfigurationIsVisible = 0;
			defaultConfigurationName = Release;
		};
		56D027A829EA525E0048B294 /* Build configuration list for PBXNativeTarget "EthTokyoApp" */ = {
			isa = XCConfigurationList;
			buildConfigurations = (
				56D027A929EA525E0048B294 /* Debug */,
				56D027AA29EA525E0048B294 /* Release */,
			);
			defaultConfigurationIsVisible = 0;
			defaultConfigurationName = Release;
		};
/* End XCConfigurationList section */

/* Begin XCRemoteSwiftPackageReference section */
		56D027AB29EA54830048B294 /* XCRemoteSwiftPackageReference "metamask-ios-sdk" */ = {
			isa = XCRemoteSwiftPackageReference;
			repositoryURL = "https://github.com/MetaMask/metamask-ios-sdk";
			requirement = {
				branch = main;
				kind = branch;
			};
		};
		56D027B729EA75DB0048B294 /* XCRemoteSwiftPackageReference "apollo-ios" */ = {
			isa = XCRemoteSwiftPackageReference;
			repositoryURL = "https://github.com/apollographql/apollo-ios.git";
			requirement = {
				kind = upToNextMajorVersion;
				minimumVersion = 1.0.0;
			};
		};
		56D027F829EAAD0B0048B294 /* XCRemoteSwiftPackageReference "SDWebImageSwiftUI" */ = {
			isa = XCRemoteSwiftPackageReference;
			repositoryURL = "https://github.com/SDWebImage/SDWebImageSwiftUI";
			requirement = {
				branch = master;
				kind = branch;
			};
		};
		56D027FB29EAADF50048B294 /* XCRemoteSwiftPackageReference "WaterfallGrid" */ = {
			isa = XCRemoteSwiftPackageReference;
			repositoryURL = "https://github.com/paololeonardi/WaterfallGrid";
			requirement = {
				branch = master;
				kind = branch;
			};
		};
		56D0287129EABC6D0048B294 /* XCRemoteSwiftPackageReference "BottomSheet" */ = {
			isa = XCRemoteSwiftPackageReference;
			repositoryURL = "https://github.com/lucaszischka/BottomSheet";
			requirement = {
				branch = main;
				kind = branch;
			};
		};
/* End XCRemoteSwiftPackageReference section */

/* Begin XCSwiftPackageProductDependency section */
		56D027AC29EA54830048B294 /* metamask-ios-sdk */ = {
			isa = XCSwiftPackageProductDependency;
			package = 56D027AB29EA54830048B294 /* XCRemoteSwiftPackageReference "metamask-ios-sdk" */;
			productName = "metamask-ios-sdk";
		};
		56D027B829EA75DB0048B294 /* Apollo */ = {
			isa = XCSwiftPackageProductDependency;
			package = 56D027B729EA75DB0048B294 /* XCRemoteSwiftPackageReference "apollo-ios" */;
			productName = Apollo;
		};
		56D027F929EAAD0B0048B294 /* SDWebImageSwiftUI */ = {
			isa = XCSwiftPackageProductDependency;
			package = 56D027F829EAAD0B0048B294 /* XCRemoteSwiftPackageReference "SDWebImageSwiftUI" */;
			productName = SDWebImageSwiftUI;
		};
		56D027FC29EAADF50048B294 /* WaterfallGrid */ = {
			isa = XCSwiftPackageProductDependency;
			package = 56D027FB29EAADF50048B294 /* XCRemoteSwiftPackageReference "WaterfallGrid" */;
			productName = WaterfallGrid;
		};
		56D0287229EABC6D0048B294 /* BottomSheet */ = {
			isa = XCSwiftPackageProductDependency;
			package = 56D0287129EABC6D0048B294 /* XCRemoteSwiftPackageReference "BottomSheet" */;
			productName = BottomSheet;
		};
/* End XCSwiftPackageProductDependency section */
	};
	rootObject = 56D0279229EA525D0048B294 /* Project object */;
}
